
Microsoft Visual Studio Solution File, Format Version 11.00
# Visual Studio 2010
Project("{FAE04EC0-301F-11D3-BF4B-00C04F79EFBC}") = "Debugging", "Debugging\Debugging.csproj", "{0EECAC89-4F4E-4DB2-9A39-22AE16E8C0EC}"
EndProject
Project("{FAE04EC0-301F-11D3-BF4B-00C04F79EFBC}") = "AgileFx.Common", "..\..\..\AgileFx\AgileFx.Common\AgileFx.Common.csproj", "{14A1E371-C01C-417E-A0AD-43369E4DAA00}"
EndProject
Project("{FAE04EC0-301F-11D3-BF4B-00C04F79EFBC}") = "AgileFx.ORM", "..\..\..\AgileFx\AgileFx.ORM\AgileFx.ORM.csproj", "{C7624961-6E1C-43D3-B0E0-C642F190F122}"
EndProject
Global
	GlobalSection(SolutionConfigurationPlatforms) = preSolution
		Debug|Any CPU = Debug|Any CPU
		Release|Any CPU = Release|Any CPU
	EndGlobalSection
	GlobalSection(ProjectConfigurationPlatforms) = postSolution
		{0EECAC89-4F4E-4DB2-9A39-22AE16E8C0EC}.Debug|Any CPU.ActiveCfg = Debug|Any CPU
		{0EECAC89-4F4E-4DB2-9A39-22AE16E8C0EC}.Debug|Any CPU.Build.0 = Debug|Any CPU
		{0EECAC89-4F4E-4DB2-9A39-22AE16E8C0EC}.Release|Any CPU.ActiveCfg = Release|Any CPU
		{0EECAC89-4F4E-4DB2-9A39-22AE16E8C0EC}.Release|Any CPU.Build.0 = Release|Any CPU
		{14A1E371-C01C-417E-A0AD-43369E4DAA00}.Debug|Any CPU.ActiveCfg = Debug|Any CPU
		{14A1E371-C01C-417E-A0AD-43369E4DAA00}.Debug|Any CPU.Build.0 = Debug|Any CPU
		{14A1E371-C01C-417E-A0AD-43369E4DAA00}.Release|Any CPU.ActiveCfg = Release|Any CPU
		{14A1E371-C01C-417E-A0AD-43369E4DAA00}.Release|Any CPU.Build.0 = Release|Any CPU
		{C7624961-6E1C-43D3-B0E0-C642F190F122}.Debug|Any CPU.ActiveCfg = Debug|Any CPU
		{C7624961-6E1C-43D3-B0E0-C642F190F122}.Debug|Any CPU.Build.0 = Debug|Any CPU
		{C7624961-6E1C-43D3-B0E0-C642F190F122}.Release|Any CPU.ActiveCfg = Release|Any CPU
		{C7624961-6E1C-43D3-B0E0-C642F190F122}.Release|Any CPU.Build.0 = Release|Any CPU
	EndGlobalSection
	GlobalSection(SolutionProperties) = preSolution
		HideSolutionNode = FALSE
	EndGlobalSection
EndGlobal
